# THIS IS AN AUTOGENERATED FILE. DO NOT EDIT THIS FILE DIRECTLY.
# yarn lockfile v1


typescript@^3.6.0-dev.20190618:
  version "3.6.0-dev.20190618"
  resolved "https://registry.yarnpkg.com/typescript/-/typescript-3.6.0-dev.20190618.tgz#6c91cc8b6c2b99374ee5baf2504ba194617ba4dd"
  integrity sha512-ZRNunzEtfgDPX7ORkGL8fr+U//9tL9zG6q13id/nb/MbhGK0oeqbZjchNXrqFFCKjNk/qrOI3nTO4XyMPZFVIQ==
